
Microsoft Visual Studio Solution File, Format Version 12.00
# Visual Studio Version 17
VisualStudioVersion = 17.3.32929.385
MinimumVisualStudioVersion = 10.0.40219.1
Project("{FAE04EC0-301F-11D3-BF4B-00C04F79EFBC}") = "Computer-Store-Api", "Computer-Store-Api\Computer-Store-Api.csproj", "{A53F28E4-60E4-4DD0-8446-E0C3A57E7094}"
EndProject
Global
	GlobalSection(SolutionConfigurationPlatforms) = preSolution
		Debug|Any CPU = Debug|Any CPU
		Release|Any CPU = Release|Any CPU
	EndGlobalSection
	GlobalSection(ProjectConfigurationPlatforms) = postSolution
		{A53F28E4-60E4-4DD0-8446-E0C3A57E7094}.Debug|Any CPU.ActiveCfg = Debug|Any CPU
		{A53F28E4-60E4-4DD0-8446-E0C3A57E7094}.Debug|Any CPU.Build.0 = Debug|Any CPU
		{A53F28E4-60E4-4DD0-8446-E0C3A57E7094}.Release|Any CPU.ActiveCfg = Release|Any CPU
		{A53F28E4-60E4-4DD0-8446-E0C3A57E7094}.Release|Any CPU.Build.0 = Release|Any CPU
	EndGlobalSection
	GlobalSection(SolutionProperties) = preSolution
		HideSolutionNode = FALSE
	EndGlobalSection
	GlobalSection(ExtensibilityGlobals) = postSolution
		SolutionGuid = {94A9DA96-2E5F-45BC-858E-E74DB03DB1F3}
	EndGlobalSection
EndGlobal
